
Microsoft Visual Studio Solution File, Format Version 12.00
# Visual Studio Version 17
VisualStudioVersion = 17.11.35327.3
MinimumVisualStudioVersion = 10.0.40219.1
Project("{FAE04EC0-301F-11D3-BF4B-00C04F79EFBC}") = "Program_wyswi_liczb_od_20-0_z_wylaczeniem_liczb", "Program_wyswi_liczb_od_20-0_z_wylaczeniem_liczb\Program_wyswi_liczb_od_20-0_z_wylaczeniem_liczb.csproj", "{0AC21150-FA31-4AE4-BBA1-FA6D166658BF}"
EndProject
Global
	GlobalSection(SolutionConfigurationPlatforms) = preSolution
		Debug|Any CPU = Debug|Any CPU
		Release|Any CPU = Release|Any CPU
	EndGlobalSection
	GlobalSection(ProjectConfigurationPlatforms) = postSolution
		{0AC21150-FA31-4AE4-BBA1-FA6D166658BF}.Debug|Any CPU.ActiveCfg = Debug|Any CPU
		{0AC21150-FA31-4AE4-BBA1-FA6D166658BF}.Debug|Any CPU.Build.0 = Debug|Any CPU
		{0AC21150-FA31-4AE4-BBA1-FA6D166658BF}.Release|Any CPU.ActiveCfg = Release|Any CPU
		{0AC21150-FA31-4AE4-BBA1-FA6D166658BF}.Release|Any CPU.Build.0 = Release|Any CPU
	EndGlobalSection
	GlobalSection(SolutionProperties) = preSolution
		HideSolutionNode = FALSE
	EndGlobalSection
	GlobalSection(ExtensibilityGlobals) = postSolution
		SolutionGuid = {CB0CDC5E-D27C-4C4D-A0DD-23430336E4E2}
	EndGlobalSection
EndGlobal
